// !$*UTF8*$!
{
	archiveVersion = 1;
	classes = {
	};
	objectVersion = 50;
	objects = {

/* Begin PBXBuildFile section */
		D6344E622719068500B24CA4 /* UIColor+Extension.swift in Sources */ = {isa = PBXBuildFile; fileRef = D6344E612719068500B24CA4 /* UIColor+Extension.swift */; };
		D6344E692719A5F300B24CA4 /* RocketModel.swift in Sources */ = {isa = PBXBuildFile; fileRef = D6344E682719A5F300B24CA4 /* RocketModel.swift */; };
		D6344E6C2719A60D00B24CA4 /* RocketManager.swift in Sources */ = {isa = PBXBuildFile; fileRef = D6344E6B2719A60D00B24CA4 /* RocketManager.swift */; };
		D6344E712719A65000B24CA4 /* RocketsViewModel.swift in Sources */ = {isa = PBXBuildFile; fileRef = D6344E702719A65000B24CA4 /* RocketsViewModel.swift */; };
		D6344E792719A76000B24CA4 /* UpcomingModel.swift in Sources */ = {isa = PBXBuildFile; fileRef = D6344E782719A76000B24CA4 /* UpcomingModel.swift */; };
		D6344E7C2719D28900B24CA4 /* FavoritesViewModel.swift in Sources */ = {isa = PBXBuildFile; fileRef = D6344E7B2719D28900B24CA4 /* FavoritesViewModel.swift */; };
		D65041792716E3F10054F8CE /* AppDelegate.swift in Sources */ = {isa = PBXBuildFile; fileRef = D65041782716E3F10054F8CE /* AppDelegate.swift */; };
		D650417B2716E3F10054F8CE /* SceneDelegate.swift in Sources */ = {isa = PBXBuildFile; fileRef = D650417A2716E3F10054F8CE /* SceneDelegate.swift */; };
		D65041802716E3F10054F8CE /* Main.storyboard in Resources */ = {isa = PBXBuildFile; fileRef = D650417E2716E3F10054F8CE /* Main.storyboard */; };
		D65041822716E3F20054F8CE /* Assets.xcassets in Resources */ = {isa = PBXBuildFile; fileRef = D65041812716E3F20054F8CE /* Assets.xcassets */; };
		D65041852716E3F20054F8CE /* LaunchScreen.storyboard in Resources */ = {isa = PBXBuildFile; fileRef = D65041832716E3F20054F8CE /* LaunchScreen.storyboard */; };
		D650419B2716E7980054F8CE /* Muli-Bold.ttf in Resources */ = {isa = PBXBuildFile; fileRef = D65041922716E7980054F8CE /* Muli-Bold.ttf */; };
		D650419D2716E7980054F8CE /* Muli-SemiBold.ttf in Resources */ = {isa = PBXBuildFile; fileRef = D65041942716E7980054F8CE /* Muli-SemiBold.ttf */; };
		D65041A22716E7A20054F8CE /* Muli.ttf in Resources */ = {isa = PBXBuildFile; fileRef = D65041A12716E7A20054F8CE /* Muli.ttf */; };
		D65041A52716E7B70054F8CE /* nasalization-rg.otf in Resources */ = {isa = PBXBuildFile; fileRef = D65041A42716E7B70054F8CE /* nasalization-rg.otf */; };
		D65041AF2716EA0F0054F8CE /* Roboto-Medium.ttf in Resources */ = {isa = PBXBuildFile; fileRef = D65041AE2716EA0F0054F8CE /* Roboto-Medium.ttf */; };
		D67696D42718CB8200A3838C /* RocketsViewController.swift in Sources */ = {isa = PBXBuildFile; fileRef = D67696D32718CB8200A3838C /* RocketsViewController.swift */; };
		D67696D72718CB9800A3838C /* RocketDetailViewController.swift in Sources */ = {isa = PBXBuildFile; fileRef = D67696D62718CB9800A3838C /* RocketDetailViewController.swift */; };
		D67696DA2718CBA700A3838C /* FavoritesViewController.swift in Sources */ = {isa = PBXBuildFile; fileRef = D67696D92718CBA700A3838C /* FavoritesViewController.swift */; };
		D67696DD2718CBB600A3838C /* UpcomingViewController.swift in Sources */ = {isa = PBXBuildFile; fileRef = D67696DC2718CBB600A3838C /* UpcomingViewController.swift */; };
		D67696E12718CC7F00A3838C /* UpcomingDetailViewController.swift in Sources */ = {isa = PBXBuildFile; fileRef = D67696E02718CC7F00A3838C /* UpcomingDetailViewController.swift */; };
		D67696E42718CD2700A3838C /* Constants.swift in Sources */ = {isa = PBXBuildFile; fileRef = D67696E32718CD2700A3838C /* Constants.swift */; };
		D67696E72718CDC600A3838C /* UpcomingTableViewCell.swift in Sources */ = {isa = PBXBuildFile; fileRef = D67696E62718CDC600A3838C /* UpcomingTableViewCell.swift */; };
		D67696EB2718CDDC00A3838C /* RocketTableViewCell.swift in Sources */ = {isa = PBXBuildFile; fileRef = D67696EA2718CDDC00A3838C /* RocketTableViewCell.swift */; };
		D67696EE2718E09300A3838C /* UIImage+Extension.swift in Sources */ = {isa = PBXBuildFile; fileRef = D67696ED2718E09300A3838C /* UIImage+Extension.swift */; };
/* End PBXBuildFile section */

/* Begin PBXFileReference section */
		D6344E612719068500B24CA4 /* UIColor+Extension.swift */ = {isa = PBXFileReference; lastKnownFileType = sourcecode.swift; path = "UIColor+Extension.swift"; sourceTree = "<group>"; };
		D6344E682719A5F300B24CA4 /* RocketModel.swift */ = {isa = PBXFileReference; lastKnownFileType = sourcecode.swift; path = RocketModel.swift; sourceTree = "<group>"; };
		D6344E6B2719A60D00B24CA4 /* RocketManager.swift */ = {isa = PBXFileReference; lastKnownFileType = sourcecode.swift; path = RocketManager.swift; sourceTree = "<group>"; };
		D6344E702719A65000B24CA4 /* RocketsViewModel.swift */ = {isa = PBXFileReference; lastKnownFileType = sourcecode.swift; path = RocketsViewModel.swift; sourceTree = "<group>"; };
		D6344E782719A76000B24CA4 /* UpcomingModel.swift */ = {isa = PBXFileReference; lastKnownFileType = sourcecode.swift; path = UpcomingModel.swift; sourceTree = "<group>"; };
		D6344E7B2719D28900B24CA4 /* FavoritesViewModel.swift */ = {isa = PBXFileReference; lastKnownFileType = sourcecode.swift; path = FavoritesViewModel.swift; sourceTree = "<group>"; };
		D65041752716E3F10054F8CE /* SpaceX Fan.app */ = {isa = PBXFileReference; explicitFileType = wrapper.application; includeInIndex = 0; path = "SpaceX Fan.app"; sourceTree = BUILT_PRODUCTS_DIR; };
		D65041782716E3F10054F8CE /* AppDelegate.swift */ = {isa = PBXFileReference; lastKnownFileType = sourcecode.swift; path = AppDelegate.swift; sourceTree = "<group>"; };
		D650417A2716E3F10054F8CE /* SceneDelegate.swift */ = {isa = PBXFileReference; lastKnownFileType = sourcecode.swift; path = SceneDelegate.swift; sourceTree = "<group>"; };
		D650417F2716E3F10054F8CE /* Base */ = {isa = PBXFileReference; lastKnownFileType = file.storyboard; name = Base; path = Base.lproj/Main.storyboard; sourceTree = "<group>"; };
		D65041812716E3F20054F8CE /* Assets.xcassets */ = {isa = PBXFileReference; lastKnownFileType = folder.assetcatalog; path = Assets.xcassets; sourceTree = "<group>"; };
		D65041842716E3F20054F8CE /* Base */ = {isa = PBXFileReference; lastKnownFileType = file.storyboard; name = Base; path = Base.lproj/LaunchScreen.storyboard; sourceTree = "<group>"; };
		D65041862716E3F20054F8CE /* Info.plist */ = {isa = PBXFileReference; lastKnownFileType = text.plist.xml; path = Info.plist; sourceTree = "<group>"; };
		D65041922716E7980054F8CE /* Muli-Bold.ttf */ = {isa = PBXFileReference; lastKnownFileType = file; path = "Muli-Bold.ttf"; sourceTree = "<group>"; };
		D65041942716E7980054F8CE /* Muli-SemiBold.ttf */ = {isa = PBXFileReference; lastKnownFileType = file; path = "Muli-SemiBold.ttf"; sourceTree = "<group>"; };
		D65041A12716E7A20054F8CE /* Muli.ttf */ = {isa = PBXFileReference; lastKnownFileType = file; path = Muli.ttf; sourceTree = "<group>"; };
		D65041A42716E7B70054F8CE /* nasalization-rg.otf */ = {isa = PBXFileReference; lastKnownFileType = file; path = "nasalization-rg.otf"; sourceTree = "<group>"; };
		D65041AE2716EA0F0054F8CE /* Roboto-Medium.ttf */ = {isa = PBXFileReference; lastKnownFileType = file; path = "Roboto-Medium.ttf"; sourceTree = "<group>"; };
		D67696D32718CB8200A3838C /* RocketsViewController.swift */ = {isa = PBXFileReference; lastKnownFileType = sourcecode.swift; path = RocketsViewController.swift; sourceTree = "<group>"; };
		D67696D62718CB9800A3838C /* RocketDetailViewController.swift */ = {isa = PBXFileReference; lastKnownFileType = sourcecode.swift; path = RocketDetailViewController.swift; sourceTree = "<group>"; };
		D67696D92718CBA700A3838C /* FavoritesViewController.swift */ = {isa = PBXFileReference; lastKnownFileType = sourcecode.swift; path = FavoritesViewController.swift; sourceTree = "<group>"; };
		D67696DC2718CBB600A3838C /* UpcomingViewController.swift */ = {isa = PBXFileReference; lastKnownFileType = sourcecode.swift; path = UpcomingViewController.swift; sourceTree = "<group>"; };
		D67696E02718CC7F00A3838C /* UpcomingDetailViewController.swift */ = {isa = PBXFileReference; lastKnownFileType = sourcecode.swift; path = UpcomingDetailViewController.swift; sourceTree = "<group>"; };
		D67696E32718CD2700A3838C /* Constants.swift */ = {isa = PBXFileReference; lastKnownFileType = sourcecode.swift; path = Constants.swift; sourceTree = "<group>"; };
		D67696E62718CDC600A3838C /* UpcomingTableViewCell.swift */ = {isa = PBXFileReference; lastKnownFileType = sourcecode.swift; path = UpcomingTableViewCell.swift; sourceTree = "<group>"; };
		D67696EA2718CDDC00A3838C /* RocketTableViewCell.swift */ = {isa = PBXFileReference; lastKnownFileType = sourcecode.swift; path = RocketTableViewCell.swift; sourceTree = "<group>"; };
		D67696ED2718E09300A3838C /* UIImage+Extension.swift */ = {isa = PBXFileReference; lastKnownFileType = sourcecode.swift; path = "UIImage+Extension.swift"; sourceTree = "<group>"; };
/* End PBXFileReference section */

/* Begin PBXFrameworksBuildPhase section */
		D65041722716E3F10054F8CE /* Frameworks */ = {
			isa = PBXFrameworksBuildPhase;
			buildActionMask = 2147483647;
			files = (
			);
			runOnlyForDeploymentPostprocessing = 0;
		};
/* End PBXFrameworksBuildPhase section */

/* Begin PBXGroup section */
		D6344E642719A3B000B24CA4 /* Extensions */ = {
			isa = PBXGroup;
			children = (
				D67696ED2718E09300A3838C /* UIImage+Extension.swift */,
				D6344E612719068500B24CA4 /* UIColor+Extension.swift */,
			);
			path = Extensions;
			sourceTree = "<group>";
		};
		D6344E6E2719A61800B24CA4 /* Model */ = {
			isa = PBXGroup;
			children = (
				D6344E682719A5F300B24CA4 /* RocketModel.swift */,
				D6344E6B2719A60D00B24CA4 /* RocketManager.swift */,
				D6344E782719A76000B24CA4 /* UpcomingModel.swift */,
			);
			path = Model;
			sourceTree = "<group>";
		};
		D6344E742719A65800B24CA4 /* ViewModels */ = {
			isa = PBXGroup;
			children = (
				D6344E702719A65000B24CA4 /* RocketsViewModel.swift */,
				D6344E7B2719D28900B24CA4 /* FavoritesViewModel.swift */,
			);
			path = ViewModels;
			sourceTree = "<group>";
		};
		D6344E762719A67200B24CA4 /* Util */ = {
			isa = PBXGroup;
			children = (
				D67696E32718CD2700A3838C /* Constants.swift */,
			);
			path = Util;
			sourceTree = "<group>";
		};
		D650416C2716E3F10054F8CE = {
			isa = PBXGroup;
			children = (
				D65041772716E3F10054F8CE /* SpaceX Fan */,
				D65041762716E3F10054F8CE /* Products */,
			);
			sourceTree = "<group>";
		};
		D65041762716E3F10054F8CE /* Products */ = {
			isa = PBXGroup;
			children = (
				D65041752716E3F10054F8CE /* SpaceX Fan.app */,
			);
			name = Products;
			sourceTree = "<group>";
		};
		D65041772716E3F10054F8CE /* SpaceX Fan */ = {
			isa = PBXGroup;
			children = (
				D650418D2716E7400054F8CE /* Fonts */,
				D65041782716E3F10054F8CE /* AppDelegate.swift */,
				D650417A2716E3F10054F8CE /* SceneDelegate.swift */,
				D650417E2716E3F10054F8CE /* Main.storyboard */,
				D65041812716E3F20054F8CE /* Assets.xcassets */,
				D65041832716E3F20054F8CE /* LaunchScreen.storyboard */,
				D65041862716E3F20054F8CE /* Info.plist */,
				D6344E6E2719A61800B24CA4 /* Model */,
				D67696D12718CB6B00A3838C /* Views */,
				D6344E742719A65800B24CA4 /* ViewModels */,
				D6344E762719A67200B24CA4 /* Util */,
				D6344E642719A3B000B24CA4 /* Extensions */,
			);
			path = "SpaceX Fan";
			sourceTree = "<group>";
		};
		D650418D2716E7400054F8CE /* Fonts */ = {
			isa = PBXGroup;
			children = (
				D65041B12716EA170054F8CE /* Roboto */,
				D65041A82716E7E10054F8CE /* Nasalization */,
				D65041A72716E7CE0054F8CE /* Muli */,
			);
			path = Fonts;
			sourceTree = "<group>";
		};
		D65041A72716E7CE0054F8CE /* Muli */ = {
			isa = PBXGroup;
			children = (
				D65041A12716E7A20054F8CE /* Muli.ttf */,
				D65041922716E7980054F8CE /* Muli-Bold.ttf */,
				D65041942716E7980054F8CE /* Muli-SemiBold.ttf */,
			);
			path = Muli;
			sourceTree = "<group>";
		};
		D65041A82716E7E10054F8CE /* Nasalization */ = {
			isa = PBXGroup;
			children = (
				D65041A42716E7B70054F8CE /* nasalization-rg.otf */,
			);
			path = Nasalization;
			sourceTree = "<group>";
		};
		D65041B12716EA170054F8CE /* Roboto */ = {
			isa = PBXGroup;
			children = (
				D65041AE2716EA0F0054F8CE /* Roboto-Medium.ttf */,
			);
			path = Roboto;
			sourceTree = "<group>";
		};
		D67696D12718CB6B00A3838C /* Views */ = {
			isa = PBXGroup;
			children = (
				D67696D32718CB8200A3838C /* RocketsViewController.swift */,
				D67696D62718CB9800A3838C /* RocketDetailViewController.swift */,
				D67696D92718CBA700A3838C /* FavoritesViewController.swift */,
				D67696DC2718CBB600A3838C /* UpcomingViewController.swift */,
				D67696E02718CC7F00A3838C /* UpcomingDetailViewController.swift */,
				D67696E62718CDC600A3838C /* UpcomingTableViewCell.swift */,
				D67696EA2718CDDC00A3838C /* RocketTableViewCell.swift */,
			);
			path = Views;
			sourceTree = "<group>";
		};
/* End PBXGroup section */

/* Begin PBXNativeTarget section */
		D65041742716E3F10054F8CE /* SpaceX Fan */ = {
			isa = PBXNativeTarget;
			buildConfigurationList = D65041892716E3F20054F8CE /* Build configuration list for PBXNativeTarget "SpaceX Fan" */;
			buildPhases = (
				D65041712716E3F10054F8CE /* Sources */,
				D65041722716E3F10054F8CE /* Frameworks */,
				D65041732716E3F10054F8CE /* Resources */,
			);
			buildRules = (
			);
			dependencies = (
			);
			name = "SpaceX Fan";
			productName = "SpaceX Fan";
			productReference = D65041752716E3F10054F8CE /* SpaceX Fan.app */;
			productType = "com.apple.product-type.application";
		};
/* End PBXNativeTarget section */

/* Begin PBXProject section */
		D650416D2716E3F10054F8CE /* Project object */ = {
			isa = PBXProject;
			attributes = {
				LastSwiftUpdateCheck = 1240;
				LastUpgradeCheck = 1240;
				TargetAttributes = {
					D65041742716E3F10054F8CE = {
						CreatedOnToolsVersion = 12.4;
					};
				};
			};
			buildConfigurationList = D65041702716E3F10054F8CE /* Build configuration list for PBXProject "SpaceX Fan" */;
			compatibilityVersion = "Xcode 9.3";
			developmentRegion = en;
			hasScannedForEncodings = 0;
			knownRegions = (
				en,
				Base,
			);
			mainGroup = D650416C2716E3F10054F8CE;
			productRefGroup = D65041762716E3F10054F8CE /* Products */;
			projectDirPath = "";
			projectRoot = "";
			targets = (
				D65041742716E3F10054F8CE /* SpaceX Fan */,
			);
		};
/* End PBXProject section */

/* Begin PBXResourcesBuildPhase section */
		D65041732716E3F10054F8CE /* Resources */ = {
			isa = PBXResourcesBuildPhase;
			buildActionMask = 2147483647;
			files = (
				D65041AF2716EA0F0054F8CE /* Roboto-Medium.ttf in Resources */,
				D65041852716E3F20054F8CE /* LaunchScreen.storyboard in Resources */,
				D65041822716E3F20054F8CE /* Assets.xcassets in Resources */,
				D650419D2716E7980054F8CE /* Muli-SemiBold.ttf in Resources */,
				D65041802716E3F10054F8CE /* Main.storyboard in Resources */,
				D650419B2716E7980054F8CE /* Muli-Bold.ttf in Resources */,
				D65041A22716E7A20054F8CE /* Muli.ttf in Resources */,
				D65041A52716E7B70054F8CE /* nasalization-rg.otf in Resources */,
			);
			runOnlyForDeploymentPostprocessing = 0;
		};
/* End PBXResourcesBuildPhase section */

/* Begin PBXSourcesBuildPhase section */
		D65041712716E3F10054F8CE /* Sources */ = {
			isa = PBXSourcesBuildPhase;
			buildActionMask = 2147483647;
			files = (
				D67696DD2718CBB600A3838C /* UpcomingViewController.swift in Sources */,
				D6344E792719A76000B24CA4 /* UpcomingModel.swift in Sources */,
				D67696D72718CB9800A3838C /* RocketDetailViewController.swift in Sources */,
				D67696DA2718CBA700A3838C /* FavoritesViewController.swift in Sources */,
				D6344E712719A65000B24CA4 /* RocketsViewModel.swift in Sources */,
				D6344E622719068500B24CA4 /* UIColor+Extension.swift in Sources */,
				D67696EB2718CDDC00A3838C /* RocketTableViewCell.swift in Sources */,
				D6344E7C2719D28900B24CA4 /* FavoritesViewModel.swift in Sources */,
				D67696D42718CB8200A3838C /* RocketsViewController.swift in Sources */,
				D67696E12718CC7F00A3838C /* UpcomingDetailViewController.swift in Sources */,
				D6344E6C2719A60D00B24CA4 /* RocketManager.swift in Sources */,
				D65041792716E3F10054F8CE /* AppDelegate.swift in Sources */,
				D67696E72718CDC600A3838C /* UpcomingTableViewCell.swift in Sources */,
				D650417B2716E3F10054F8CE /* SceneDelegate.swift in Sources */,
				D6344E692719A5F300B24CA4 /* RocketModel.swift in Sources */,
				D67696EE2718E09300A3838C /* UIImage+Extension.swift in Sources */,
				D67696E42718CD2700A3838C /* Constants.swift in Sources */,
			);
			runOnlyForDeploymentPostprocessing = 0;
		};
/* End PBXSourcesBuildPhase section */

/* Begin PBXVariantGroup section */
		D650417E2716E3F10054F8CE /* Main.storyboard */ = {
			isa = PBXVariantGroup;
			children = (
				D650417F2716E3F10054F8CE /* Base */,
			);
			name = Main.storyboard;
			sourceTree = "<group>";
		};
		D65041832716E3F20054F8CE /* LaunchScreen.storyboard */ = {
			isa = PBXVariantGroup;
			children = (
				D65041842716E3F20054F8CE /* Base */,
			);
			name = LaunchScreen.storyboard;
			sourceTree = "<group>";
		};
/* End PBXVariantGroup section */

/* Begin XCBuildConfiguration section */
		D65041872716E3F20054F8CE /* Debug */ = {
			isa = XCBuildConfiguration;
			buildSettings = {
				ALWAYS_SEARCH_USER_PATHS = NO;
				CLANG_ANALYZER_NONNULL = YES;
				CLANG_ANALYZER_NUMBER_OBJECT_CONVERSION = YES_AGGRESSIVE;
				CLANG_CXX_LANGUAGE_STANDARD = "gnu++14";
				CLANG_CXX_LIBRARY = "libc++";
				CLANG_ENABLE_MODULES = YES;
				CLANG_ENABLE_OBJC_ARC = YES;
				CLANG_ENABLE_OBJC_WEAK = YES;
				CLANG_WARN_BLOCK_CAPTURE_AUTORELEASING = YES;
				CLANG_WARN_BOOL_CONVERSION = YES;
				CLANG_WARN_COMMA = YES;
				CLANG_WARN_CONSTANT_CONVERSION = YES;
				CLANG_WARN_DEPRECATED_OBJC_IMPLEMENTATIONS = YES;
				CLANG_WARN_DIRECT_OBJC_ISA_USAGE = YES_ERROR;
				CLANG_WARN_DOCUMENTATION_COMMENTS = YES;
				CLANG_WARN_EMPTY_BODY = YES;
				CLANG_WARN_ENUM_CONVERSION = YES;
				CLANG_WARN_INFINITE_RECURSION = YES;
				CLANG_WARN_INT_CONVERSION = YES;
				CLANG_WARN_NON_LITERAL_NULL_CONVERSION = YES;
				CLANG_WARN_OBJC_IMPLICIT_RETAIN_SELF = YES;
				CLANG_WARN_OBJC_LITERAL_CONVERSION = YES;
				CLANG_WARN_OBJC_ROOT_CLASS = YES_ERROR;
				CLANG_WARN_QUOTED_INCLUDE_IN_FRAMEWORK_HEADER = YES;
				CLANG_WARN_RANGE_LOOP_ANALYSIS = YES;
				CLANG_WARN_STRICT_PROTOTYPES = YES;
				CLANG_WARN_SUSPICIOUS_MOVE = YES;
				CLANG_WARN_UNGUARDED_AVAILABILITY = YES_AGGRESSIVE;
				CLANG_WARN_UNREACHABLE_CODE = YES;
				CLANG_WARN__DUPLICATE_METHOD_MATCH = YES;
				COPY_PHASE_STRIP = NO;
				DEBUG_INFORMATION_FORMAT = dwarf;
				ENABLE_STRICT_OBJC_MSGSEND = YES;
				ENABLE_TESTABILITY = YES;
				GCC_C_LANGUAGE_STANDARD = gnu11;
				GCC_DYNAMIC_NO_PIC = NO;
				GCC_NO_COMMON_BLOCKS = YES;
				GCC_OPTIMIZATION_LEVEL = 0;
				GCC_PREPROCESSOR_DEFINITIONS = (
					"DEBUG=1",
					"$(inherited)",
				);
				GCC_WARN_64_TO_32_BIT_CONVERSION = YES;
				GCC_WARN_ABOUT_RETURN_TYPE = YES_ERROR;
				GCC_WARN_UNDECLARED_SELECTOR = YES;
				GCC_WARN_UNINITIALIZED_AUTOS = YES_AGGRESSIVE;
				GCC_WARN_UNUSED_FUNCTION = YES;
				GCC_WARN_UNUSED_VARIABLE = YES;
				IPHONEOS_DEPLOYMENT_TARGET = 14.4;
				MTL_ENABLE_DEBUG_INFO = INCLUDE_SOURCE;
				MTL_FAST_MATH = YES;
				ONLY_ACTIVE_ARCH = YES;
				SDKROOT = iphoneos;
				SWIFT_ACTIVE_COMPILATION_CONDITIONS = DEBUG;
				SWIFT_OPTIMIZATION_LEVEL = "-Onone";
			};
			name = Debug;
		};
		D65041882716E3F20054F8CE /* Release */ = {
			isa = XCBuildConfiguration;
			buildSettings = {
				ALWAYS_SEARCH_USER_PATHS = NO;
				CLANG_ANALYZER_NONNULL = YES;
				CLANG_ANALYZER_NUMBER_OBJECT_CONVERSION = YES_AGGRESSIVE;
				CLANG_CXX_LANGUAGE_STANDARD = "gnu++14";
				CLANG_CXX_LIBRARY = "libc++";
				CLANG_ENABLE_MODULES = YES;
				CLANG_ENABLE_OBJC_ARC = YES;
				CLANG_ENABLE_OBJC_WEAK = YES;
				CLANG_WARN_BLOCK_CAPTURE_AUTORELEASING = YES;
				CLANG_WARN_BOOL_CONVERSION = YES;
				CLANG_WARN_COMMA = YES;
				CLANG_WARN_CONSTANT_CONVERSION = YES;
				CLANG_WARN_DEPRECATED_OBJC_IMPLEMENTATIONS = YES;
				CLANG_WARN_DIRECT_OBJC_ISA_USAGE = YES_ERROR;
				CLANG_WARN_DOCUMENTATION_COMMENTS = YES;
				CLANG_WARN_EMPTY_BODY = YES;
				CLANG_WARN_ENUM_CONVERSION = YES;
				CLANG_WARN_INFINITE_RECURSION = YES;
				CLANG_WARN_INT_CONVERSION = YES;
				CLANG_WARN_NON_LITERAL_NULL_CONVERSION = YES;
				CLANG_WARN_OBJC_IMPLICIT_RETAIN_SELF = YES;
				CLANG_WARN_OBJC_LITERAL_CONVERSION = YES;
				CLANG_WARN_OBJC_ROOT_CLASS = YES_ERROR;
				CLANG_WARN_QUOTED_INCLUDE_IN_FRAMEWORK_HEADER = YES;
				CLANG_WARN_RANGE_LOOP_ANALYSIS = YES;
				CLANG_WARN_STRICT_PROTOTYPES = YES;
				CLANG_WARN_SUSPICIOUS_MOVE = YES;
				CLANG_WARN_UNGUARDED_AVAILABILITY = YES_AGGRESSIVE;
				CLANG_WARN_UNREACHABLE_CODE = YES;
				CLANG_WARN__DUPLICATE_METHOD_MATCH = YES;
				COPY_PHASE_STRIP = NO;
				DEBUG_INFORMATION_FORMAT = "dwarf-with-dsym";
				ENABLE_NS_ASSERTIONS = NO;
				ENABLE_STRICT_OBJC_MSGSEND = YES;
				GCC_C_LANGUAGE_STANDARD = gnu11;
				GCC_NO_COMMON_BLOCKS = YES;
				GCC_WARN_64_TO_32_BIT_CONVERSION = YES;
				GCC_WARN_ABOUT_RETURN_TYPE = YES_ERROR;
				GCC_WARN_UNDECLARED_SELECTOR = YES;
				GCC_WARN_UNINITIALIZED_AUTOS = YES_AGGRESSIVE;
				GCC_WARN_UNUSED_FUNCTION = YES;
				GCC_WARN_UNUSED_VARIABLE = YES;
				IPHONEOS_DEPLOYMENT_TARGET = 14.4;
				MTL_ENABLE_DEBUG_INFO = NO;
				MTL_FAST_MATH = YES;
				SDKROOT = iphoneos;
				SWIFT_COMPILATION_MODE = wholemodule;
				SWIFT_OPTIMIZATION_LEVEL = "-O";
				VALIDATE_PRODUCT = YES;
			};
			name = Release;
		};
		D650418A2716E3F20054F8CE /* Debug */ = {
			isa = XCBuildConfiguration;
			buildSettings = {
				ASSETCATALOG_COMPILER_APPICON_NAME = AppIcon;
				ASSETCATALOG_COMPILER_GLOBAL_ACCENT_COLOR_NAME = AccentColor;
				CODE_SIGN_STYLE = Automatic;
				DEVELOPMENT_TEAM = 9H8NRK4XM5;
				INFOPLIST_FILE = "SpaceX Fan/Info.plist";
				IPHONEOS_DEPLOYMENT_TARGET = 13.0;
				LD_RUNPATH_SEARCH_PATHS = (
					"$(inherited)",
					"@executable_path/Frameworks",
				);
				PRODUCT_BUNDLE_IDENTIFIER = "com.vestel.SpaceX-Fan";
				PRODUCT_NAME = "$(TARGET_NAME)";
				SWIFT_VERSION = 5.0;
				TARGETED_DEVICE_FAMILY = "1,2";
			};
			name = Debug;
		};
		D650418B2716E3F20054F8CE /* Release */ = {
			isa = XCBuildConfiguration;
			buildSettings = {
				ASSETCATALOG_COMPILER_APPICON_NAME = AppIcon;
				ASSETCATALOG_COMPILER_GLOBAL_ACCENT_COLOR_NAME = AccentColor;
				CODE_SIGN_STYLE = Automatic;
				DEVELOPMENT_TEAM = 9H8NRK4XM5;
				INFOPLIST_FILE = "SpaceX Fan/Info.plist";
				IPHONEOS_DEPLOYMENT_TARGET = 13.0;
				LD_RUNPATH_SEARCH_PATHS = (
					"$(inherited)",
					"@executable_path/Frameworks",
				);
				PRODUCT_BUNDLE_IDENTIFIER = "com.vestel.SpaceX-Fan";
				PRODUCT_NAME = "$(TARGET_NAME)";
				SWIFT_VERSION = 5.0;
				TARGETED_DEVICE_FAMILY = "1,2";
			};
			name = Release;
		};
/* End XCBuildConfiguration section */

/* Begin XCConfigurationList section */
		D65041702716E3F10054F8CE /* Build configuration list for PBXProject "SpaceX Fan" */ = {
			isa = XCConfigurationList;
			buildConfigurations = (
				D65041872716E3F20054F8CE /* Debug */,
				D65041882716E3F20054F8CE /* Release */,
			);
			defaultConfigurationIsVisible = 0;
			defaultConfigurationName = Release;
		};
		D65041892716E3F20054F8CE /* Build configuration list for PBXNativeTarget "SpaceX Fan" */ = {
			isa = XCConfigurationList;
			buildConfigurations = (
				D650418A2716E3F20054F8CE /* Debug */,
				D650418B2716E3F20054F8CE /* Release */,
			);
			defaultConfigurationIsVisible = 0;
			defaultConfigurationName = Release;
		};
/* End XCConfigurationList section */
	};
	rootObject = D650416D2716E3F10054F8CE /* Project object */;
}
