// !$*UTF8*$!
{
	archiveVersion = 1;
	classes = {
	};
	objectVersion = 51;
	objects = {

/* Begin PBXBuildFile section */
		07304870A35728C8512DB0B4 /* Pods_SpaceX_Fan.framework in Frameworks */ = {isa = PBXBuildFile; fileRef = 720A22A8FF59EB6605BFE59E /* Pods_SpaceX_Fan.framework */; };
		D6344E622719068500B24CA4 /* UIColor+Extension.swift in Sources */ = {isa = PBXBuildFile; fileRef = D6344E612719068500B24CA4 /* UIColor+Extension.swift */; };
		D6344E692719A5F300B24CA4 /* RocketModel.swift in Sources */ = {isa = PBXBuildFile; fileRef = D6344E682719A5F300B24CA4 /* RocketModel.swift */; };
		D6344E6C2719A60D00B24CA4 /* RocketManager.swift in Sources */ = {isa = PBXBuildFile; fileRef = D6344E6B2719A60D00B24CA4 /* RocketManager.swift */; };
		D6344E712719A65000B24CA4 /* RocketsViewModel.swift in Sources */ = {isa = PBXBuildFile; fileRef = D6344E702719A65000B24CA4 /* RocketsViewModel.swift */; };
		D6344E792719A76000B24CA4 /* UpcomingModel.swift in Sources */ = {isa = PBXBuildFile; fileRef = D6344E782719A76000B24CA4 /* UpcomingModel.swift */; };
		D6344E7C2719D28900B24CA4 /* FavoritesViewModel.swift in Sources */ = {isa = PBXBuildFile; fileRef = D6344E7B2719D28900B24CA4 /* FavoritesViewModel.swift */; };
		D6344E7F271A216100B24CA4 /* Date+Extension.swift in Sources */ = {isa = PBXBuildFile; fileRef = D6344E7E271A216100B24CA4 /* Date+Extension.swift */; };
		D6344E82271A28E100B24CA4 /* UpcomingViewModel.swift in Sources */ = {isa = PBXBuildFile; fileRef = D6344E81271A28E100B24CA4 /* UpcomingViewModel.swift */; };
		D6344EDC271C26D700B24CA4 /* RocketData.swift in Sources */ = {isa = PBXBuildFile; fileRef = D6344EDB271C26D700B24CA4 /* RocketData.swift */; };
		D6344EDF271C272500B24CA4 /* Double+Extension.swift in Sources */ = {isa = PBXBuildFile; fileRef = D6344EDE271C272500B24CA4 /* Double+Extension.swift */; };
		D6344EE3271C280000B24CA4 /* RealmStore.swift in Sources */ = {isa = PBXBuildFile; fileRef = D6344EE2271C280000B24CA4 /* RealmStore.swift */; };
		D6344EEC271C377200B24CA4 /* UIViewController+Extension.swift in Sources */ = {isa = PBXBuildFile; fileRef = D6344EEB271C377200B24CA4 /* UIViewController+Extension.swift */; };
		D6344EF1271C666D00B24CA4 /* RocketDetailTableViewCell.swift in Sources */ = {isa = PBXBuildFile; fileRef = D6344EF0271C666D00B24CA4 /* RocketDetailTableViewCell.swift */; };
		D6344EF4271C6BE300B24CA4 /* RocketDetailViewModel.swift in Sources */ = {isa = PBXBuildFile; fileRef = D6344EF3271C6BE300B24CA4 /* RocketDetailViewModel.swift */; };
		D6344EF7271C910200B24CA4 /* ImageCollectionViewCell.swift in Sources */ = {isa = PBXBuildFile; fileRef = D6344EF6271C910200B24CA4 /* ImageCollectionViewCell.swift */; };
		D6344F02271CD0FA00B24CA4 /* Main.storyboard in Resources */ = {isa = PBXBuildFile; fileRef = D6344F01271CD0FA00B24CA4 /* Main.storyboard */; };
		D6344F0E271CDCFA00B24CA4 /* UIView+Extension.swift in Sources */ = {isa = PBXBuildFile; fileRef = D6344F0D271CDCFA00B24CA4 /* UIView+Extension.swift */; };
		D6344F11271D90B700B24CA4 /* UpcomingDetailTableViewCell.swift in Sources */ = {isa = PBXBuildFile; fileRef = D6344F10271D90B700B24CA4 /* UpcomingDetailTableViewCell.swift */; };
		D6344F14271D944300B24CA4 /* UpcomingDetailViewModel.swift in Sources */ = {isa = PBXBuildFile; fileRef = D6344F13271D944300B24CA4 /* UpcomingDetailViewModel.swift */; };
		D6344F35271E047D00B24CA4 /* GoogleService-Info.plist in Resources */ = {isa = PBXBuildFile; fileRef = D6344F34271E047D00B24CA4 /* GoogleService-Info.plist */; };
		D65041792716E3F10054F8CE /* AppDelegate.swift in Sources */ = {isa = PBXBuildFile; fileRef = D65041782716E3F10054F8CE /* AppDelegate.swift */; };
		D650417B2716E3F10054F8CE /* SceneDelegate.swift in Sources */ = {isa = PBXBuildFile; fileRef = D650417A2716E3F10054F8CE /* SceneDelegate.swift */; };
		D65041822716E3F20054F8CE /* Assets.xcassets in Resources */ = {isa = PBXBuildFile; fileRef = D65041812716E3F20054F8CE /* Assets.xcassets */; };
		D65041852716E3F20054F8CE /* LaunchScreen.storyboard in Resources */ = {isa = PBXBuildFile; fileRef = D65041832716E3F20054F8CE /* LaunchScreen.storyboard */; };
		D650419B2716E7980054F8CE /* Muli-Bold.ttf in Resources */ = {isa = PBXBuildFile; fileRef = D65041922716E7980054F8CE /* Muli-Bold.ttf */; };
		D650419D2716E7980054F8CE /* Muli-SemiBold.ttf in Resources */ = {isa = PBXBuildFile; fileRef = D65041942716E7980054F8CE /* Muli-SemiBold.ttf */; };
		D65041A22716E7A20054F8CE /* Muli.ttf in Resources */ = {isa = PBXBuildFile; fileRef = D65041A12716E7A20054F8CE /* Muli.ttf */; };
		D65041A52716E7B70054F8CE /* nasalization-rg.otf in Resources */ = {isa = PBXBuildFile; fileRef = D65041A42716E7B70054F8CE /* nasalization-rg.otf */; };
		D65041AF2716EA0F0054F8CE /* Roboto-Medium.ttf in Resources */ = {isa = PBXBuildFile; fileRef = D65041AE2716EA0F0054F8CE /* Roboto-Medium.ttf */; };
		D67696D42718CB8200A3838C /* RocketsViewController.swift in Sources */ = {isa = PBXBuildFile; fileRef = D67696D32718CB8200A3838C /* RocketsViewController.swift */; };
		D67696D72718CB9800A3838C /* RocketDetailViewController.swift in Sources */ = {isa = PBXBuildFile; fileRef = D67696D62718CB9800A3838C /* RocketDetailViewController.swift */; };
		D67696DA2718CBA700A3838C /* FavoritesViewController.swift in Sources */ = {isa = PBXBuildFile; fileRef = D67696D92718CBA700A3838C /* FavoritesViewController.swift */; };
		D67696DD2718CBB600A3838C /* UpcomingViewController.swift in Sources */ = {isa = PBXBuildFile; fileRef = D67696DC2718CBB600A3838C /* UpcomingViewController.swift */; };
		D67696E12718CC7F00A3838C /* UpcomingDetailViewController.swift in Sources */ = {isa = PBXBuildFile; fileRef = D67696E02718CC7F00A3838C /* UpcomingDetailViewController.swift */; };
		D67696E42718CD2700A3838C /* Constants.swift in Sources */ = {isa = PBXBuildFile; fileRef = D67696E32718CD2700A3838C /* Constants.swift */; };
		D67696E72718CDC600A3838C /* UpcomingTableViewCell.swift in Sources */ = {isa = PBXBuildFile; fileRef = D67696E62718CDC600A3838C /* UpcomingTableViewCell.swift */; };
		D67696EB2718CDDC00A3838C /* RocketTableViewCell.swift in Sources */ = {isa = PBXBuildFile; fileRef = D67696EA2718CDDC00A3838C /* RocketTableViewCell.swift */; };
		D67696EE2718E09300A3838C /* UIImage+Extension.swift in Sources */ = {isa = PBXBuildFile; fileRef = D67696ED2718E09300A3838C /* UIImage+Extension.swift */; };
/* End PBXBuildFile section */

/* Begin PBXFileReference section */
		6A201FB0BEC73F5658C9B7C2 /* Pods-SpaceX Fan.debug.xcconfig */ = {isa = PBXFileReference; includeInIndex = 1; lastKnownFileType = text.xcconfig; name = "Pods-SpaceX Fan.debug.xcconfig"; path = "Target Support Files/Pods-SpaceX Fan/Pods-SpaceX Fan.debug.xcconfig"; sourceTree = "<group>"; };
		720A22A8FF59EB6605BFE59E /* Pods_SpaceX_Fan.framework */ = {isa = PBXFileReference; explicitFileType = wrapper.framework; includeInIndex = 0; path = Pods_SpaceX_Fan.framework; sourceTree = BUILT_PRODUCTS_DIR; };
		A8B7D4CE9FBDE08D1731AFF8 /* Pods-SpaceX Fan.release.xcconfig */ = {isa = PBXFileReference; includeInIndex = 1; lastKnownFileType = text.xcconfig; name = "Pods-SpaceX Fan.release.xcconfig"; path = "Target Support Files/Pods-SpaceX Fan/Pods-SpaceX Fan.release.xcconfig"; sourceTree = "<group>"; };
		D6344E612719068500B24CA4 /* UIColor+Extension.swift */ = {isa = PBXFileReference; lastKnownFileType = sourcecode.swift; path = "UIColor+Extension.swift"; sourceTree = "<group>"; };
		D6344E682719A5F300B24CA4 /* RocketModel.swift */ = {isa = PBXFileReference; lastKnownFileType = sourcecode.swift; path = RocketModel.swift; sourceTree = "<group>"; };
		D6344E6B2719A60D00B24CA4 /* RocketManager.swift */ = {isa = PBXFileReference; lastKnownFileType = sourcecode.swift; path = RocketManager.swift; sourceTree = "<group>"; };
		D6344E702719A65000B24CA4 /* RocketsViewModel.swift */ = {isa = PBXFileReference; lastKnownFileType = sourcecode.swift; path = RocketsViewModel.swift; sourceTree = "<group>"; };
		D6344E782719A76000B24CA4 /* UpcomingModel.swift */ = {isa = PBXFileReference; lastKnownFileType = sourcecode.swift; path = UpcomingModel.swift; sourceTree = "<group>"; };
		D6344E7B2719D28900B24CA4 /* FavoritesViewModel.swift */ = {isa = PBXFileReference; lastKnownFileType = sourcecode.swift; path = FavoritesViewModel.swift; sourceTree = "<group>"; };
		D6344E7E271A216100B24CA4 /* Date+Extension.swift */ = {isa = PBXFileReference; lastKnownFileType = sourcecode.swift; path = "Date+Extension.swift"; sourceTree = "<group>"; };
		D6344E81271A28E100B24CA4 /* UpcomingViewModel.swift */ = {isa = PBXFileReference; lastKnownFileType = sourcecode.swift; path = UpcomingViewModel.swift; sourceTree = "<group>"; };
		D6344EDB271C26D700B24CA4 /* RocketData.swift */ = {isa = PBXFileReference; lastKnownFileType = sourcecode.swift; path = RocketData.swift; sourceTree = "<group>"; };
		D6344EDE271C272500B24CA4 /* Double+Extension.swift */ = {isa = PBXFileReference; lastKnownFileType = sourcecode.swift; path = "Double+Extension.swift"; sourceTree = "<group>"; };
		D6344EE2271C280000B24CA4 /* RealmStore.swift */ = {isa = PBXFileReference; lastKnownFileType = sourcecode.swift; path = RealmStore.swift; sourceTree = "<group>"; };
		D6344EEB271C377200B24CA4 /* UIViewController+Extension.swift */ = {isa = PBXFileReference; lastKnownFileType = sourcecode.swift; path = "UIViewController+Extension.swift"; sourceTree = "<group>"; };
		D6344EF0271C666D00B24CA4 /* RocketDetailTableViewCell.swift */ = {isa = PBXFileReference; lastKnownFileType = sourcecode.swift; path = RocketDetailTableViewCell.swift; sourceTree = "<group>"; };
		D6344EF3271C6BE300B24CA4 /* RocketDetailViewModel.swift */ = {isa = PBXFileReference; lastKnownFileType = sourcecode.swift; path = RocketDetailViewModel.swift; sourceTree = "<group>"; };
		D6344EF6271C910200B24CA4 /* ImageCollectionViewCell.swift */ = {isa = PBXFileReference; lastKnownFileType = sourcecode.swift; path = ImageCollectionViewCell.swift; sourceTree = "<group>"; };
		D6344F01271CD0FA00B24CA4 /* Main.storyboard */ = {isa = PBXFileReference; fileEncoding = 4; lastKnownFileType = file.storyboard; path = Main.storyboard; sourceTree = "<group>"; };
		D6344F0D271CDCFA00B24CA4 /* UIView+Extension.swift */ = {isa = PBXFileReference; lastKnownFileType = sourcecode.swift; path = "UIView+Extension.swift"; sourceTree = "<group>"; };
		D6344F10271D90B700B24CA4 /* UpcomingDetailTableViewCell.swift */ = {isa = PBXFileReference; lastKnownFileType = sourcecode.swift; path = UpcomingDetailTableViewCell.swift; sourceTree = "<group>"; };
		D6344F13271D944300B24CA4 /* UpcomingDetailViewModel.swift */ = {isa = PBXFileReference; lastKnownFileType = sourcecode.swift; path = UpcomingDetailViewModel.swift; sourceTree = "<group>"; };
		D6344F34271E047D00B24CA4 /* GoogleService-Info.plist */ = {isa = PBXFileReference; fileEncoding = 4; lastKnownFileType = text.plist.xml; path = "GoogleService-Info.plist"; sourceTree = "<group>"; };
		D65041752716E3F10054F8CE /* SpaceX Fan.app */ = {isa = PBXFileReference; explicitFileType = wrapper.application; includeInIndex = 0; path = "SpaceX Fan.app"; sourceTree = BUILT_PRODUCTS_DIR; };
		D65041782716E3F10054F8CE /* AppDelegate.swift */ = {isa = PBXFileReference; lastKnownFileType = sourcecode.swift; path = AppDelegate.swift; sourceTree = "<group>"; };
		D650417A2716E3F10054F8CE /* SceneDelegate.swift */ = {isa = PBXFileReference; lastKnownFileType = sourcecode.swift; path = SceneDelegate.swift; sourceTree = "<group>"; };
		D65041812716E3F20054F8CE /* Assets.xcassets */ = {isa = PBXFileReference; lastKnownFileType = folder.assetcatalog; path = Assets.xcassets; sourceTree = "<group>"; };
		D65041842716E3F20054F8CE /* Base */ = {isa = PBXFileReference; lastKnownFileType = file.storyboard; name = Base; path = Base.lproj/LaunchScreen.storyboard; sourceTree = "<group>"; };
		D65041862716E3F20054F8CE /* Info.plist */ = {isa = PBXFileReference; lastKnownFileType = text.plist.xml; path = Info.plist; sourceTree = "<group>"; };
		D65041922716E7980054F8CE /* Muli-Bold.ttf */ = {isa = PBXFileReference; lastKnownFileType = file; path = "Muli-Bold.ttf"; sourceTree = "<group>"; };
		D65041942716E7980054F8CE /* Muli-SemiBold.ttf */ = {isa = PBXFileReference; lastKnownFileType = file; path = "Muli-SemiBold.ttf"; sourceTree = "<group>"; };
		D65041A12716E7A20054F8CE /* Muli.ttf */ = {isa = PBXFileReference; lastKnownFileType = file; path = Muli.ttf; sourceTree = "<group>"; };
		D65041A42716E7B70054F8CE /* nasalization-rg.otf */ = {isa = PBXFileReference; lastKnownFileType = file; path = "nasalization-rg.otf"; sourceTree = "<group>"; };
		D65041AE2716EA0F0054F8CE /* Roboto-Medium.ttf */ = {isa = PBXFileReference; lastKnownFileType = file; path = "Roboto-Medium.ttf"; sourceTree = "<group>"; };
		D67696D32718CB8200A3838C /* RocketsViewController.swift */ = {isa = PBXFileReference; lastKnownFileType = sourcecode.swift; path = RocketsViewController.swift; sourceTree = "<group>"; };
		D67696D62718CB9800A3838C /* RocketDetailViewController.swift */ = {isa = PBXFileReference; lastKnownFileType = sourcecode.swift; path = RocketDetailViewController.swift; sourceTree = "<group>"; };
		D67696D92718CBA700A3838C /* FavoritesViewController.swift */ = {isa = PBXFileReference; lastKnownFileType = sourcecode.swift; path = FavoritesViewController.swift; sourceTree = "<group>"; };
		D67696DC2718CBB600A3838C /* UpcomingViewController.swift */ = {isa = PBXFileReference; lastKnownFileType = sourcecode.swift; path = UpcomingViewController.swift; sourceTree = "<group>"; };
		D67696E02718CC7F00A3838C /* UpcomingDetailViewController.swift */ = {isa = PBXFileReference; lastKnownFileType = sourcecode.swift; path = UpcomingDetailViewController.swift; sourceTree = "<group>"; };
		D67696E32718CD2700A3838C /* Constants.swift */ = {isa = PBXFileReference; lastKnownFileType = sourcecode.swift; path = Constants.swift; sourceTree = "<group>"; };
		D67696E62718CDC600A3838C /* UpcomingTableViewCell.swift */ = {isa = PBXFileReference; lastKnownFileType = sourcecode.swift; path = UpcomingTableViewCell.swift; sourceTree = "<group>"; };
		D67696EA2718CDDC00A3838C /* RocketTableViewCell.swift */ = {isa = PBXFileReference; lastKnownFileType = sourcecode.swift; path = RocketTableViewCell.swift; sourceTree = "<group>"; };
		D67696ED2718E09300A3838C /* UIImage+Extension.swift */ = {isa = PBXFileReference; lastKnownFileType = sourcecode.swift; path = "UIImage+Extension.swift"; sourceTree = "<group>"; };
/* End PBXFileReference section */

/* Begin PBXFrameworksBuildPhase section */
		D65041722716E3F10054F8CE /* Frameworks */ = {
			isa = PBXFrameworksBuildPhase;
			buildActionMask = 2147483647;
			files = (
				07304870A35728C8512DB0B4 /* Pods_SpaceX_Fan.framework in Frameworks */,
			);
			runOnlyForDeploymentPostprocessing = 0;
		};
/* End PBXFrameworksBuildPhase section */

/* Begin PBXGroup section */
		1DEA99EAF1C537CC33DBB12E /* Pods */ = {
			isa = PBXGroup;
			children = (
				6A201FB0BEC73F5658C9B7C2 /* Pods-SpaceX Fan.debug.xcconfig */,
				A8B7D4CE9FBDE08D1731AFF8 /* Pods-SpaceX Fan.release.xcconfig */,
			);
			path = Pods;
			sourceTree = "<group>";
		};
		937835DE17E40660CE33A066 /* Frameworks */ = {
			isa = PBXGroup;
			children = (
				720A22A8FF59EB6605BFE59E /* Pods_SpaceX_Fan.framework */,
			);
			name = Frameworks;
			sourceTree = "<group>";
		};
		D6344E642719A3B000B24CA4 /* Extensions */ = {
			isa = PBXGroup;
			children = (
				D67696ED2718E09300A3838C /* UIImage+Extension.swift */,
				D6344E612719068500B24CA4 /* UIColor+Extension.swift */,
				D6344E7E271A216100B24CA4 /* Date+Extension.swift */,
				D6344EDE271C272500B24CA4 /* Double+Extension.swift */,
				D6344EEB271C377200B24CA4 /* UIViewController+Extension.swift */,
				D6344F0D271CDCFA00B24CA4 /* UIView+Extension.swift */,
			);
			path = Extensions;
			sourceTree = "<group>";
		};
		D6344E6E2719A61800B24CA4 /* Model */ = {
			isa = PBXGroup;
			children = (
				D6344E682719A5F300B24CA4 /* RocketModel.swift */,
				D6344E6B2719A60D00B24CA4 /* RocketManager.swift */,
				D6344E782719A76000B24CA4 /* UpcomingModel.swift */,
				D6344EDB271C26D700B24CA4 /* RocketData.swift */,
				D6344EE2271C280000B24CA4 /* RealmStore.swift */,
			);
			path = Model;
			sourceTree = "<group>";
		};
		D6344E742719A65800B24CA4 /* ViewModels */ = {
			isa = PBXGroup;
			children = (
				D6344E702719A65000B24CA4 /* RocketsViewModel.swift */,
				D6344E7B2719D28900B24CA4 /* FavoritesViewModel.swift */,
				D6344E81271A28E100B24CA4 /* UpcomingViewModel.swift */,
				D6344EF3271C6BE300B24CA4 /* RocketDetailViewModel.swift */,
				D6344F13271D944300B24CA4 /* UpcomingDetailViewModel.swift */,
			);
			path = ViewModels;
			sourceTree = "<group>";
		};
		D6344E762719A67200B24CA4 /* Util */ = {
			isa = PBXGroup;
			children = (
				D67696E32718CD2700A3838C /* Constants.swift */,
			);
			path = Util;
			sourceTree = "<group>";
		};
		D6344F1B271DB30100B24CA4 /* Cells */ = {
			isa = PBXGroup;
			children = (
				D67696E62718CDC600A3838C /* UpcomingTableViewCell.swift */,
				D67696EA2718CDDC00A3838C /* RocketTableViewCell.swift */,
				D6344EF0271C666D00B24CA4 /* RocketDetailTableViewCell.swift */,
				D6344EF6271C910200B24CA4 /* ImageCollectionViewCell.swift */,
				D6344F10271D90B700B24CA4 /* UpcomingDetailTableViewCell.swift */,
			);
			path = Cells;
			sourceTree = "<group>";
		};
		D650416C2716E3F10054F8CE = {
			isa = PBXGroup;
			children = (
				D65041772716E3F10054F8CE /* SpaceX Fan */,
				D65041762716E3F10054F8CE /* Products */,
				1DEA99EAF1C537CC33DBB12E /* Pods */,
				937835DE17E40660CE33A066 /* Frameworks */,
			);
			sourceTree = "<group>";
		};
		D65041762716E3F10054F8CE /* Products */ = {
			isa = PBXGroup;
			children = (
				D65041752716E3F10054F8CE /* SpaceX Fan.app */,
			);
			name = Products;
			sourceTree = "<group>";
		};
		D65041772716E3F10054F8CE /* SpaceX Fan */ = {
			isa = PBXGroup;
			children = (
				D650418D2716E7400054F8CE /* Fonts */,
				D65041782716E3F10054F8CE /* AppDelegate.swift */,
				D650417A2716E3F10054F8CE /* SceneDelegate.swift */,
				D6344F01271CD0FA00B24CA4 /* Main.storyboard */,
				D65041812716E3F20054F8CE /* Assets.xcassets */,
				D65041832716E3F20054F8CE /* LaunchScreen.storyboard */,
				D65041862716E3F20054F8CE /* Info.plist */,
				D6344F34271E047D00B24CA4 /* GoogleService-Info.plist */,
				D6344E6E2719A61800B24CA4 /* Model */,
				D67696D12718CB6B00A3838C /* Views */,
				D6344E742719A65800B24CA4 /* ViewModels */,
				D6344E762719A67200B24CA4 /* Util */,
				D6344E642719A3B000B24CA4 /* Extensions */,
			);
			path = "SpaceX Fan";
			sourceTree = "<group>";
		};
		D650418D2716E7400054F8CE /* Fonts */ = {
			isa = PBXGroup;
			children = (
				D65041B12716EA170054F8CE /* Roboto */,
				D65041A82716E7E10054F8CE /* Nasalization */,
				D65041A72716E7CE0054F8CE /* Muli */,
			);
			path = Fonts;
			sourceTree = "<group>";
		};
		D65041A72716E7CE0054F8CE /* Muli */ = {
			isa = PBXGroup;
			children = (
				D65041A12716E7A20054F8CE /* Muli.ttf */,
				D65041922716E7980054F8CE /* Muli-Bold.ttf */,
				D65041942716E7980054F8CE /* Muli-SemiBold.ttf */,
			);
			path = Muli;
			sourceTree = "<group>";
		};
		D65041A82716E7E10054F8CE /* Nasalization */ = {
			isa = PBXGroup;
			children = (
				D65041A42716E7B70054F8CE /* nasalization-rg.otf */,
			);
			path = Nasalization;
			sourceTree = "<group>";
		};
		D65041B12716EA170054F8CE /* Roboto */ = {
			isa = PBXGroup;
			children = (
				D65041AE2716EA0F0054F8CE /* Roboto-Medium.ttf */,
			);
			path = Roboto;
			sourceTree = "<group>";
		};
		D67696D12718CB6B00A3838C /* Views */ = {
			isa = PBXGroup;
			children = (
				D67696D32718CB8200A3838C /* RocketsViewController.swift */,
				D67696D62718CB9800A3838C /* RocketDetailViewController.swift */,
				D67696D92718CBA700A3838C /* FavoritesViewController.swift */,
				D67696DC2718CBB600A3838C /* UpcomingViewController.swift */,
				D67696E02718CC7F00A3838C /* UpcomingDetailViewController.swift */,
				D6344F1B271DB30100B24CA4 /* Cells */,
			);
			path = Views;
			sourceTree = "<group>";
		};
/* End PBXGroup section */

/* Begin PBXNativeTarget section */
		D65041742716E3F10054F8CE /* SpaceX Fan */ = {
			isa = PBXNativeTarget;
			buildConfigurationList = D65041892716E3F20054F8CE /* Build configuration list for PBXNativeTarget "SpaceX Fan" */;
			buildPhases = (
				F3BF30D49FBBA7D992E38915 /* [CP] Check Pods Manifest.lock */,
				D65041712716E3F10054F8CE /* Sources */,
				D65041722716E3F10054F8CE /* Frameworks */,
				D65041732716E3F10054F8CE /* Resources */,
				B7D328962BEEABBF25D1F641 /* [CP] Embed Pods Frameworks */,
				D6344F47271E063F00B24CA4 /* ShellScript */,
			);
			buildRules = (
			);
			dependencies = (
			);
			name = "SpaceX Fan";
			productName = "SpaceX Fan";
			productReference = D65041752716E3F10054F8CE /* SpaceX Fan.app */;
			productType = "com.apple.product-type.application";
		};
/* End PBXNativeTarget section */

/* Begin PBXProject section */
		D650416D2716E3F10054F8CE /* Project object */ = {
			isa = PBXProject;
			attributes = {
				LastSwiftUpdateCheck = 1240;
				LastUpgradeCheck = 1240;
				TargetAttributes = {
					D65041742716E3F10054F8CE = {
						CreatedOnToolsVersion = 12.4;
					};
				};
			};
			buildConfigurationList = D65041702716E3F10054F8CE /* Build configuration list for PBXProject "SpaceX Fan" */;
			compatibilityVersion = "Xcode 9.3";
			developmentRegion = en;
			hasScannedForEncodings = 0;
			knownRegions = (
				en,
				Base,
			);
			mainGroup = D650416C2716E3F10054F8CE;
			productRefGroup = D65041762716E3F10054F8CE /* Products */;
			projectDirPath = "";
			projectRoot = "";
			targets = (
				D65041742716E3F10054F8CE /* SpaceX Fan */,
			);
		};
/* End PBXProject section */

/* Begin PBXResourcesBuildPhase section */
		D65041732716E3F10054F8CE /* Resources */ = {
			isa = PBXResourcesBuildPhase;
			buildActionMask = 2147483647;
			files = (
				D6344F02271CD0FA00B24CA4 /* Main.storyboard in Resources */,
				D65041AF2716EA0F0054F8CE /* Roboto-Medium.ttf in Resources */,
				D6344F35271E047D00B24CA4 /* GoogleService-Info.plist in Resources */,
				D65041852716E3F20054F8CE /* LaunchScreen.storyboard in Resources */,
				D65041822716E3F20054F8CE /* Assets.xcassets in Resources */,
				D650419D2716E7980054F8CE /* Muli-SemiBold.ttf in Resources */,
				D650419B2716E7980054F8CE /* Muli-Bold.ttf in Resources */,
				D65041A22716E7A20054F8CE /* Muli.ttf in Resources */,
				D65041A52716E7B70054F8CE /* nasalization-rg.otf in Resources */,
			);
			runOnlyForDeploymentPostprocessing = 0;
		};
/* End PBXResourcesBuildPhase section */

/* Begin PBXShellScriptBuildPhase section */
		B7D328962BEEABBF25D1F641 /* [CP] Embed Pods Frameworks */ = {
			isa = PBXShellScriptBuildPhase;
			buildActionMask = 2147483647;
			files = (
			);
			inputFileListPaths = (
				"${PODS_ROOT}/Target Support Files/Pods-SpaceX Fan/Pods-SpaceX Fan-frameworks-${CONFIGURATION}-input-files.xcfilelist",
			);
			name = "[CP] Embed Pods Frameworks";
			outputFileListPaths = (
				"${PODS_ROOT}/Target Support Files/Pods-SpaceX Fan/Pods-SpaceX Fan-frameworks-${CONFIGURATION}-output-files.xcfilelist",
			);
			runOnlyForDeploymentPostprocessing = 0;
			shellPath = /bin/sh;
			shellScript = "\"${PODS_ROOT}/Target Support Files/Pods-SpaceX Fan/Pods-SpaceX Fan-frameworks.sh\"\n";
			showEnvVarsInLog = 0;
		};
		D6344F47271E063F00B24CA4 /* ShellScript */ = {
			isa = PBXShellScriptBuildPhase;
			buildActionMask = 2147483647;
			files = (
			);
			inputFileListPaths = (
			);
			inputPaths = (
				"${DWARF_DSYM_FOLDER_PATH}/${DWARF_DSYM_FILE_NAME}/Contents/Resources/DWARF/${TARGET_NAME}",
				"$(SRCROOT)/$(BUILT_PRODUCTS_DIR)/$(INFOPLIST_PATH)",
			);
			outputFileListPaths = (
			);
			outputPaths = (
			);
			runOnlyForDeploymentPostprocessing = 0;
			shellPath = /bin/sh;
			shellScript = "\"${PODS_ROOT}/FirebaseCrashlytics/run\"\n";
		};
		F3BF30D49FBBA7D992E38915 /* [CP] Check Pods Manifest.lock */ = {
			isa = PBXShellScriptBuildPhase;
			buildActionMask = 2147483647;
			files = (
			);
			inputFileListPaths = (
			);
			inputPaths = (
				"${PODS_PODFILE_DIR_PATH}/Podfile.lock",
				"${PODS_ROOT}/Manifest.lock",
			);
			name = "[CP] Check Pods Manifest.lock";
			outputFileListPaths = (
			);
			outputPaths = (
				"$(DERIVED_FILE_DIR)/Pods-SpaceX Fan-checkManifestLockResult.txt",
			);
			runOnlyForDeploymentPostprocessing = 0;
			shellPath = /bin/sh;
			shellScript = "diff \"${PODS_PODFILE_DIR_PATH}/Podfile.lock\" \"${PODS_ROOT}/Manifest.lock\" > /dev/null\nif [ $? != 0 ] ; then\n    # print error to STDERR\n    echo \"error: The sandbox is not in sync with the Podfile.lock. Run 'pod install' or update your CocoaPods installation.\" >&2\n    exit 1\nfi\n# This output is used by Xcode 'outputs' to avoid re-running this script phase.\necho \"SUCCESS\" > \"${SCRIPT_OUTPUT_FILE_0}\"\n";
			showEnvVarsInLog = 0;
		};
/* End PBXShellScriptBuildPhase section */

/* Begin PBXSourcesBuildPhase section */
		D65041712716E3F10054F8CE /* Sources */ = {
			isa = PBXSourcesBuildPhase;
			buildActionMask = 2147483647;
			files = (
				D6344F14271D944300B24CA4 /* UpcomingDetailViewModel.swift in Sources */,
				D6344F11271D90B700B24CA4 /* UpcomingDetailTableViewCell.swift in Sources */,
				D67696DD2718CBB600A3838C /* UpcomingViewController.swift in Sources */,
				D6344E792719A76000B24CA4 /* UpcomingModel.swift in Sources */,
				D6344EF7271C910200B24CA4 /* ImageCollectionViewCell.swift in Sources */,
				D67696D72718CB9800A3838C /* RocketDetailViewController.swift in Sources */,
				D6344EE3271C280000B24CA4 /* RealmStore.swift in Sources */,
				D6344EDC271C26D700B24CA4 /* RocketData.swift in Sources */,
				D67696DA2718CBA700A3838C /* FavoritesViewController.swift in Sources */,
				D6344E712719A65000B24CA4 /* RocketsViewModel.swift in Sources */,
				D6344EEC271C377200B24CA4 /* UIViewController+Extension.swift in Sources */,
				D6344EF1271C666D00B24CA4 /* RocketDetailTableViewCell.swift in Sources */,
				D6344E622719068500B24CA4 /* UIColor+Extension.swift in Sources */,
				D67696EB2718CDDC00A3838C /* RocketTableViewCell.swift in Sources */,
				D6344F0E271CDCFA00B24CA4 /* UIView+Extension.swift in Sources */,
				D6344E7C2719D28900B24CA4 /* FavoritesViewModel.swift in Sources */,
				D67696D42718CB8200A3838C /* RocketsViewController.swift in Sources */,
				D67696E12718CC7F00A3838C /* UpcomingDetailViewController.swift in Sources */,
				D6344E6C2719A60D00B24CA4 /* RocketManager.swift in Sources */,
				D6344EDF271C272500B24CA4 /* Double+Extension.swift in Sources */,
				D65041792716E3F10054F8CE /* AppDelegate.swift in Sources */,
				D67696E72718CDC600A3838C /* UpcomingTableViewCell.swift in Sources */,
				D650417B2716E3F10054F8CE /* SceneDelegate.swift in Sources */,
				D6344E692719A5F300B24CA4 /* RocketModel.swift in Sources */,
				D6344EF4271C6BE300B24CA4 /* RocketDetailViewModel.swift in Sources */,
				D67696EE2718E09300A3838C /* UIImage+Extension.swift in Sources */,
				D67696E42718CD2700A3838C /* Constants.swift in Sources */,
				D6344E7F271A216100B24CA4 /* Date+Extension.swift in Sources */,
				D6344E82271A28E100B24CA4 /* UpcomingViewModel.swift in Sources */,
			);
			runOnlyForDeploymentPostprocessing = 0;
		};
/* End PBXSourcesBuildPhase section */

/* Begin PBXVariantGroup section */
		D65041832716E3F20054F8CE /* LaunchScreen.storyboard */ = {
			isa = PBXVariantGroup;
			children = (
				D65041842716E3F20054F8CE /* Base */,
			);
			name = LaunchScreen.storyboard;
			sourceTree = "<group>";
		};
/* End PBXVariantGroup section */

/* Begin XCBuildConfiguration section */
		D65041872716E3F20054F8CE /* Debug */ = {
			isa = XCBuildConfiguration;
			buildSettings = {
				ALWAYS_SEARCH_USER_PATHS = NO;
				CLANG_ANALYZER_NONNULL = YES;
				CLANG_ANALYZER_NUMBER_OBJECT_CONVERSION = YES_AGGRESSIVE;
				CLANG_CXX_LANGUAGE_STANDARD = "gnu++14";
				CLANG_CXX_LIBRARY = "libc++";
				CLANG_ENABLE_MODULES = YES;
				CLANG_ENABLE_OBJC_ARC = YES;
				CLANG_ENABLE_OBJC_WEAK = YES;
				CLANG_WARN_BLOCK_CAPTURE_AUTORELEASING = YES;
				CLANG_WARN_BOOL_CONVERSION = YES;
				CLANG_WARN_COMMA = YES;
				CLANG_WARN_CONSTANT_CONVERSION = YES;
				CLANG_WARN_DEPRECATED_OBJC_IMPLEMENTATIONS = YES;
				CLANG_WARN_DIRECT_OBJC_ISA_USAGE = YES_ERROR;
				CLANG_WARN_DOCUMENTATION_COMMENTS = YES;
				CLANG_WARN_EMPTY_BODY = YES;
				CLANG_WARN_ENUM_CONVERSION = YES;
				CLANG_WARN_INFINITE_RECURSION = YES;
				CLANG_WARN_INT_CONVERSION = YES;
				CLANG_WARN_NON_LITERAL_NULL_CONVERSION = YES;
				CLANG_WARN_OBJC_IMPLICIT_RETAIN_SELF = YES;
				CLANG_WARN_OBJC_LITERAL_CONVERSION = YES;
				CLANG_WARN_OBJC_ROOT_CLASS = YES_ERROR;
				CLANG_WARN_QUOTED_INCLUDE_IN_FRAMEWORK_HEADER = YES;
				CLANG_WARN_RANGE_LOOP_ANALYSIS = YES;
				CLANG_WARN_STRICT_PROTOTYPES = YES;
				CLANG_WARN_SUSPICIOUS_MOVE = YES;
				CLANG_WARN_UNGUARDED_AVAILABILITY = YES_AGGRESSIVE;
				CLANG_WARN_UNREACHABLE_CODE = YES;
				CLANG_WARN__DUPLICATE_METHOD_MATCH = YES;
				COPY_PHASE_STRIP = NO;
				DEBUG_INFORMATION_FORMAT = dwarf;
				ENABLE_STRICT_OBJC_MSGSEND = YES;
				ENABLE_TESTABILITY = YES;
				GCC_C_LANGUAGE_STANDARD = gnu11;
				GCC_DYNAMIC_NO_PIC = NO;
				GCC_NO_COMMON_BLOCKS = YES;
				GCC_OPTIMIZATION_LEVEL = 0;
				GCC_PREPROCESSOR_DEFINITIONS = (
					"DEBUG=1",
					"$(inherited)",
				);
				GCC_WARN_64_TO_32_BIT_CONVERSION = YES;
				GCC_WARN_ABOUT_RETURN_TYPE = YES_ERROR;
				GCC_WARN_UNDECLARED_SELECTOR = YES;
				GCC_WARN_UNINITIALIZED_AUTOS = YES_AGGRESSIVE;
				GCC_WARN_UNUSED_FUNCTION = YES;
				GCC_WARN_UNUSED_VARIABLE = YES;
				IPHONEOS_DEPLOYMENT_TARGET = 14.4;
				MTL_ENABLE_DEBUG_INFO = INCLUDE_SOURCE;
				MTL_FAST_MATH = YES;
				ONLY_ACTIVE_ARCH = YES;
				SDKROOT = iphoneos;
				SWIFT_ACTIVE_COMPILATION_CONDITIONS = DEBUG;
				SWIFT_OPTIMIZATION_LEVEL = "-Onone";
			};
			name = Debug;
		};
		D65041882716E3F20054F8CE /* Release */ = {
			isa = XCBuildConfiguration;
			buildSettings = {
				ALWAYS_SEARCH_USER_PATHS = NO;
				CLANG_ANALYZER_NONNULL = YES;
				CLANG_ANALYZER_NUMBER_OBJECT_CONVERSION = YES_AGGRESSIVE;
				CLANG_CXX_LANGUAGE_STANDARD = "gnu++14";
				CLANG_CXX_LIBRARY = "libc++";
				CLANG_ENABLE_MODULES = YES;
				CLANG_ENABLE_OBJC_ARC = YES;
				CLANG_ENABLE_OBJC_WEAK = YES;
				CLANG_WARN_BLOCK_CAPTURE_AUTORELEASING = YES;
				CLANG_WARN_BOOL_CONVERSION = YES;
				CLANG_WARN_COMMA = YES;
				CLANG_WARN_CONSTANT_CONVERSION = YES;
				CLANG_WARN_DEPRECATED_OBJC_IMPLEMENTATIONS = YES;
				CLANG_WARN_DIRECT_OBJC_ISA_USAGE = YES_ERROR;
				CLANG_WARN_DOCUMENTATION_COMMENTS = YES;
				CLANG_WARN_EMPTY_BODY = YES;
				CLANG_WARN_ENUM_CONVERSION = YES;
				CLANG_WARN_INFINITE_RECURSION = YES;
				CLANG_WARN_INT_CONVERSION = YES;
				CLANG_WARN_NON_LITERAL_NULL_CONVERSION = YES;
				CLANG_WARN_OBJC_IMPLICIT_RETAIN_SELF = YES;
				CLANG_WARN_OBJC_LITERAL_CONVERSION = YES;
				CLANG_WARN_OBJC_ROOT_CLASS = YES_ERROR;
				CLANG_WARN_QUOTED_INCLUDE_IN_FRAMEWORK_HEADER = YES;
				CLANG_WARN_RANGE_LOOP_ANALYSIS = YES;
				CLANG_WARN_STRICT_PROTOTYPES = YES;
				CLANG_WARN_SUSPICIOUS_MOVE = YES;
				CLANG_WARN_UNGUARDED_AVAILABILITY = YES_AGGRESSIVE;
				CLANG_WARN_UNREACHABLE_CODE = YES;
				CLANG_WARN__DUPLICATE_METHOD_MATCH = YES;
				COPY_PHASE_STRIP = NO;
				DEBUG_INFORMATION_FORMAT = "dwarf-with-dsym";
				ENABLE_NS_ASSERTIONS = NO;
				ENABLE_STRICT_OBJC_MSGSEND = YES;
				GCC_C_LANGUAGE_STANDARD = gnu11;
				GCC_NO_COMMON_BLOCKS = YES;
				GCC_WARN_64_TO_32_BIT_CONVERSION = YES;
				GCC_WARN_ABOUT_RETURN_TYPE = YES_ERROR;
				GCC_WARN_UNDECLARED_SELECTOR = YES;
				GCC_WARN_UNINITIALIZED_AUTOS = YES_AGGRESSIVE;
				GCC_WARN_UNUSED_FUNCTION = YES;
				GCC_WARN_UNUSED_VARIABLE = YES;
				IPHONEOS_DEPLOYMENT_TARGET = 14.4;
				MTL_ENABLE_DEBUG_INFO = NO;
				MTL_FAST_MATH = YES;
				SDKROOT = iphoneos;
				SWIFT_COMPILATION_MODE = wholemodule;
				SWIFT_OPTIMIZATION_LEVEL = "-O";
				VALIDATE_PRODUCT = YES;
			};
			name = Release;
		};
		D650418A2716E3F20054F8CE /* Debug */ = {
			isa = XCBuildConfiguration;
			baseConfigurationReference = 6A201FB0BEC73F5658C9B7C2 /* Pods-SpaceX Fan.debug.xcconfig */;
			buildSettings = {
				ASSETCATALOG_COMPILER_APPICON_NAME = AppIcon;
				ASSETCATALOG_COMPILER_GLOBAL_ACCENT_COLOR_NAME = AccentColor;
				CODE_SIGN_STYLE = Automatic;
				DEVELOPMENT_TEAM = 9H8NRK4XM5;
				INFOPLIST_FILE = "SpaceX Fan/Info.plist";
				IPHONEOS_DEPLOYMENT_TARGET = 13.0;
				LD_RUNPATH_SEARCH_PATHS = (
					"$(inherited)",
					"@executable_path/Frameworks",
				);
				PRODUCT_BUNDLE_IDENTIFIER = "com.vestel.SpaceX-Fan";
				PRODUCT_NAME = "$(TARGET_NAME)";
				SWIFT_VERSION = 5.0;
				TARGETED_DEVICE_FAMILY = "1,2";
			};
			name = Debug;
		};
		D650418B2716E3F20054F8CE /* Release */ = {
			isa = XCBuildConfiguration;
			baseConfigurationReference = A8B7D4CE9FBDE08D1731AFF8 /* Pods-SpaceX Fan.release.xcconfig */;
			buildSettings = {
				ASSETCATALOG_COMPILER_APPICON_NAME = AppIcon;
				ASSETCATALOG_COMPILER_GLOBAL_ACCENT_COLOR_NAME = AccentColor;
				CODE_SIGN_STYLE = Automatic;
				DEVELOPMENT_TEAM = 9H8NRK4XM5;
				INFOPLIST_FILE = "SpaceX Fan/Info.plist";
				IPHONEOS_DEPLOYMENT_TARGET = 13.0;
				LD_RUNPATH_SEARCH_PATHS = (
					"$(inherited)",
					"@executable_path/Frameworks",
				);
				PRODUCT_BUNDLE_IDENTIFIER = "com.vestel.SpaceX-Fan";
				PRODUCT_NAME = "$(TARGET_NAME)";
				SWIFT_VERSION = 5.0;
				TARGETED_DEVICE_FAMILY = "1,2";
			};
			name = Release;
		};
/* End XCBuildConfiguration section */

/* Begin XCConfigurationList section */
		D65041702716E3F10054F8CE /* Build configuration list for PBXProject "SpaceX Fan" */ = {
			isa = XCConfigurationList;
			buildConfigurations = (
				D65041872716E3F20054F8CE /* Debug */,
				D65041882716E3F20054F8CE /* Release */,
			);
			defaultConfigurationIsVisible = 0;
			defaultConfigurationName = Release;
		};
		D65041892716E3F20054F8CE /* Build configuration list for PBXNativeTarget "SpaceX Fan" */ = {
			isa = XCConfigurationList;
			buildConfigurations = (
				D650418A2716E3F20054F8CE /* Debug */,
				D650418B2716E3F20054F8CE /* Release */,
			);
			defaultConfigurationIsVisible = 0;
			defaultConfigurationName = Release;
		};
/* End XCConfigurationList section */
	};
	rootObject = D650416D2716E3F10054F8CE /* Project object */;
}
